dependencies:
- name: eck-elasticsearch
  repository: https://helm.elastic.co
  version: 0.11.0
- name: eck-kibana
  repository: https://helm.elastic.co
  version: 0.11.0
- name: eck-beats
  repository: https://helm.elastic.co
  version: 0.11.0
- name: eck-apm-server
  repository: https://helm.elastic.co
  version: 0.11.0
digest: sha256:6104a2a3ec8e1170b41dce3def91d9fbdef727646925b84b603ece913ec70490
generated: "2024-07-20T10:11:38.68339+03:00"
