dependencies:
- name: cert-manager
  repository: https://charts.jetstack.io
  version: v1.12.3
- name: mysql-operator
  repository: https://mysql.github.io/mysql-operator
  version: 2.2.3
- name: mysql-innodbcluster
  repository: https://mysql.github.io/mysql-operator
  version: 2.2.3
- name: phpmyadmin
  repository: https://charts.bitnami.com/bitnami
  version: 16.0.1
- name: redis
  repository: https://charts.bitnami.com/bitnami
  version: 19.1.2
- name: vector
  repository: https://helm.vector.dev
  version: 0.32.1
- name: ingress-nginx
  repository: https://kubernetes.github.io/ingress-nginx
  version: 4.10.0
- name: secrets-store-csi-driver
  repository: https://kubernetes-sigs.github.io/secrets-store-csi-driver/charts
  version: 1.4.8
- name: outofschool
  repository: file://../webapp
  version: 1.0.7
- name: eck-operator
  repository: https://helm.elastic.co
  version: 2.13.0
- name: eck-stack
  repository: file://eck-stack
  version: 0.11.0
digest: sha256:ddbeadc59d1b077f8bcb97715400daf8205c18039efe106e1bd69af8739cf795
generated: "2025-02-23T18:37:17.949641+02:00"
