dependencies:
- name: cert-manager
  repository: https://charts.jetstack.io
  version: v1.12.3
- name: phpmyadmin
  repository: https://charts.bitnami.com/bitnami
  version: 18.1.4
- name: redis
  repository: https://charts.bitnami.com/bitnami
  version: 19.1.2
- name: vector
  repository: https://helm.vector.dev
  version: 0.32.1
- name: ingress-nginx
  repository: https://kubernetes.github.io/ingress-nginx
  version: 4.10.0
- name: secrets-store-csi-driver
  repository: https://kubernetes-sigs.github.io/secrets-store-csi-driver/charts
  version: 1.4.8
- name: mariadb-operator-crds
  repository: https://helm.mariadb.com/mariadb-operator
  version: 0.37.1
- name: mariadb-operator
  repository: https://helm.mariadb.com/mariadb-operator
  version: 0.37.1
- name: outofschool
  repository: file://../webapp
  version: 1.0.7
- name: eck-operator
  repository: https://helm.elastic.co
  version: 2.13.0
- name: eck-stack
  repository: file://eck-stack
  version: 0.11.0
digest: sha256:1b0448b4d304c7b5afeb6af6169aa05d17169912b2569833e3bdfa9f45eac194
generated: "2025-02-27T14:07:02.282281+02:00"
